{
  "nodes": {
    "agenix": {
      "inputs": {
        "nixpkgs": [
          "nixpkgs"
        ]
      },
      "locked": {
        "lastModified": 1620877075,
        "narHash": "sha256-XvgTqtmQZHegu9UMDSR50gK5cHEM2gbnRH0qecmdN54=",
        "owner": "ryantm",
        "repo": "agenix",
        "rev": "e543aa7d68f222e1e771165da9e9a64b5bf7b3e3",
        "type": "github"
      },
      "original": {
        "owner": "ryantm",
        "repo": "agenix",
        "type": "github"
      }
    },
    "home-manager": {
      "inputs": {
        "nixpkgs": [
          "nixpkgs"
        ]
      },
      "locked": {
        "lastModified": 1623103231,
        "narHash": "sha256-ns6p4FYqdMHmcaZZjNC1HhxApfxKlpAPbvbOzhiLbas=",
        "owner": "nix-community",
        "repo": "home-manager",
        "rev": "aa36e2d6b481a54b95fbddbecb76076e0f38eb89",
        "type": "github"
      },
      "original": {
        "owner": "nix-community",
        "ref": "master",
        "repo": "home-manager",
        "type": "github"
      }
    },
    "nixpkgs": {
      "locked": {
        "lastModified": 1623179603,
        "narHash": "sha256-LzuIve/7W35bICbZcyp/B90qGe+HzjwdK05N52NGstE=",
        "owner": "NixOS",
        "repo": "nixpkgs",
        "rev": "806ef6817a79e261af71a099996a47013d412087",
        "type": "github"
      },
      "original": {
        "id": "nixpkgs",
        "ref": "master",
        "type": "indirect"
      }
    },
    "nixpkgs-unstable": {
      "locked": {
        "lastModified": 1623179603,
        "narHash": "sha256-LzuIve/7W35bICbZcyp/B90qGe+HzjwdK05N52NGstE=",
        "owner": "NixOS",
        "repo": "nixpkgs",
        "rev": "806ef6817a79e261af71a099996a47013d412087",
        "type": "github"
      },
      "original": {
        "id": "nixpkgs",
        "ref": "master",
        "type": "indirect"
      }
    },
    "nur": {
      "locked": {
        "lastModified": 1623172866,
        "narHash": "sha256-SG28xCEgSroFL4RRgTyw91FF4k1TfHOY4gFfZJJX0jM=",
        "owner": "nix-community",
        "repo": "NUR",
        "rev": "de8b1b89e49da242857406b6512ebc6cd4102cdf",
        "type": "github"
      },
      "original": {
        "owner": "nix-community",
        "repo": "NUR",
        "type": "github"
      }
    },
    "root": {
      "inputs": {
        "agenix": "agenix",
        "home-manager": "home-manager",
        "nixpkgs": "nixpkgs",
        "nixpkgs-unstable": "nixpkgs-unstable",
        "nur": "nur"
      }
    }
  },
  "root": "root",
  "version": 7
}
