{
  "nodes": {
    "agenix": {
      "inputs": {
        "nixpkgs": [
          "nixpkgs"
        ]
      },
      "locked": {
        "lastModified": 1627822587,
        "narHash": "sha256-AAFgsVe/ahLh1Ij2o98x6IMxz3Z+Tr97bFwa4nthB1w=",
        "owner": "ryantm",
        "repo": "agenix",
        "rev": "e6752e7b8592502df42066f156165471e62d902d",
        "type": "github"
      },
      "original": {
        "owner": "ryantm",
        "repo": "agenix",
        "type": "github"
      }
    },
    "home-manager": {
      "inputs": {
        "nixpkgs": [
          "nixpkgs"
        ]
      },
      "locked": {
        "lastModified": 1627649712,
        "narHash": "sha256-AJBasvMKpsyJmCLdjroBElCHY5AlalbVy+XY5vjbgXc=",
        "owner": "nix-community",
        "repo": "home-manager",
        "rev": "b39647e52ed3c0b989e9d5c965e598ae4c38d7ef",
        "type": "github"
      },
      "original": {
        "owner": "nix-community",
        "ref": "release-21.05",
        "repo": "home-manager",
        "type": "github"
      }
    },
    "nixpkgs": {
      "locked": {
        "lastModified": 1628865210,
        "narHash": "sha256-dB3IA8AYUQDXH+Xy/6nbv4QpIbVl88DphbcxJSUYiX4=",
        "owner": "NixOS",
        "repo": "nixpkgs",
        "rev": "a445f5829889959d65ad65e5c961d5c67e1cd677",
        "type": "github"
      },
      "original": {
        "id": "nixpkgs",
        "ref": "nixos-21.05",
        "type": "indirect"
      }
    },
    "nixpkgs-unstable": {
      "locked": {
        "lastModified": 1628977521,
        "narHash": "sha256-fy8fW4mcYt/1mUNc1C89KTnmvXnaXByLJY5m86aUhiQ=",
        "owner": "NixOS",
        "repo": "nixpkgs",
        "rev": "310dd717ee1d9c833940d09dfd667e82e98114de",
        "type": "github"
      },
      "original": {
        "id": "nixpkgs",
        "ref": "master",
        "type": "indirect"
      }
    },
    "nur": {
      "locked": {
        "lastModified": 1628967887,
        "narHash": "sha256-xl5W1V9BPuJ4cZmLcrTWJZuKkFrE1t6vkTQML4MQ98Y=",
        "owner": "nix-community",
        "repo": "NUR",
        "rev": "60bbd3873587887930ad6a375fa1aec7446d15f9",
        "type": "github"
      },
      "original": {
        "owner": "nix-community",
        "repo": "NUR",
        "type": "github"
      }
    },
    "root": {
      "inputs": {
        "agenix": "agenix",
        "home-manager": "home-manager",
        "nixpkgs": "nixpkgs",
        "nixpkgs-unstable": "nixpkgs-unstable",
        "nur": "nur"
      }
    }
  },
  "root": "root",
  "version": 7
}
